<?xml version="1.0" encoding="utf-8"?>
<Project ToolsVersion="4.0" xmlns="http://schemas.microsoft.com/developer/msbuild/2003">
  <ItemGroup>
    <Filter Include="src">
      <UniqueIdentifier>{4FC737F1-C7A5-4376-A066-2A32D752A2FF}</UniqueIdentifier>
      <Extensions>cpp;c;cc;cxx;def;odl;idl;hpj;bat;asm;asmx</Extensions>
    </Filter>
    <Filter Include="resource">
      <UniqueIdentifier>{67DA6AB6-F800-4c08-8B7A-83BB121AAD01}</UniqueIdentifier>
      <Extensions>rc;ico;cur;bmp;dlg;rc2;rct;bin;rgs;gif;jpg;jpeg;jpe;resx;tiff;tif;png;wav;mfcribbon-ms</Extensions>
    </Filter>
    <Filter Include="resource\icons">
      <UniqueIdentifier>{649282c2-29b6-4011-9a63-1d26d548a15c}</UniqueIdentifier>
    </Filter>
    <Filter Include="src\machine">
      <UniqueIdentifier>{fc0ecf71-9025-401c-8c17-78f8571b3ca9}</UniqueIdentifier>
    </Filter>
    <Filter Include="src\app">
      <UniqueIdentifier>{86e9cec5-cad3-4f32-b35b-28842c454d6d}</UniqueIdentifier>
    </Filter>
    <Filter Include="src\dialog">
      <UniqueIdentifier>{6d40a2cd-373e-40c9-84c5-7b529ab5124c}</UniqueIdentifier>
    </Filter>
    <Filter Include="src\dialog\create">
      <UniqueIdentifier>{0c11ab1e-7316-4fe8-90a8-a04919a60e17}</UniqueIdentifier>
    </Filter>
    <Filter Include="src\dialog\edit">
      <UniqueIdentifier>{34d45354-18fb-4a3d-8046-0e3f4b00efe7}</UniqueIdentifier>
    </Filter>
  </ItemGroup>
  <ItemGroup>
    <ClCompile Include="App.cpp">
      <Filter>src\app</Filter>
    </ClCompile>
    <ClCompile Include="Controller.cpp">
      <Filter>src\machine</Filter>
    </ClCompile>
    <ClCompile Include="Machine.cpp">
      <Filter>src\machine</Filter>
    </ClCompile>
    <ClCompile Include="MainFrame.cpp">
      <Filter>src</Filter>
    </ClCompile>
    <ClCompile Include="CreateMachineDialog.cpp">
      <Filter>src\dialog\create</Filter>
    </ClCompile>
    <ClCompile Include="EditMachineDialog.cpp">
      <Filter>src\dialog\edit</Filter>
    </ClCompile>
    <ClCompile Include="EditMachineDialogHandler.cpp">
      <Filter>src\dialog\edit</Filter>
    </ClCompile>
    <ClCompile Include="ListCtrlItem.cpp">
      <Filter>src\dialog\edit</Filter>
    </ClCompile>
  </ItemGroup>
  <ItemGroup>
    <ClInclude Include="App.h">
      <Filter>src\app</Filter>
    </ClInclude>
    <ClInclude Include="Machine.h">
      <Filter>src\machine</Filter>
    </ClInclude>
    <ClInclude Include="Controller.h">
      <Filter>src\machine</Filter>
    </ClInclude>
    <ClInclude Include="resource.h">
      <Filter>resource</Filter>
    </ClInclude>
    <ClInclude Include="MainFrame.h">
      <Filter>src</Filter>
    </ClInclude>
    <ClInclude Include="CreateMachineDialog.h">
      <Filter>src\dialog\create</Filter>
    </ClInclude>
    <ClInclude Include="EditMachineDialog.h">
      <Filter>src\dialog\edit</Filter>
    </ClInclude>
    <ClInclude Include="EditMachineDialogHandler.h">
      <Filter>src\dialog\edit</Filter>
    </ClInclude>
    <ClInclude Include="ListCtrl.h">
      <Filter>src\dialog\edit</Filter>
    </ClInclude>
    <ClInclude Include="ListCtrlItem.h">
      <Filter>src\dialog\edit</Filter>
    </ClInclude>
  </ItemGroup>
  <ItemGroup>
    <None Include="cpp.hint" />
  </ItemGroup>
  <ItemGroup>
    <Image Include="..\DNC\Resources\Icons\Folder_16x.ico">
      <Filter>resource\icons</Filter>
    </Image>
    <Image Include="..\DNC\Resources\Icons\Machine_16x.ico">
      <Filter>resource\icons</Filter>
    </Image>
  </ItemGroup>
  <ItemGroup>
    <ResourceCompile Include="DNC-CPP.rc">
      <Filter>resource</Filter>
    </ResourceCompile>
  </ItemGroup>
</Project>