// !$*UTF8*$!
{
	archiveVersion = 1;
	classes = {
	};
	objectVersion = 46;
	objects = {

/* Begin PBXBuildFile section */
		B605DFFB1E2869100040C627 /* GenericDocumentIcon-32x32.png in Resources */ = {isa = PBXBuildFile; fileRef = B605DFF71E2869100040C627 /* GenericDocumentIcon-32x32.png */; };
		B605DFFC1E2869100040C627 /* GenericDocumentIcon-32x32@2x.png in Resources */ = {isa = PBXBuildFile; fileRef = B605DFF81E2869100040C627 /* GenericDocumentIcon-32x32@2x.png */; };
		B605DFFD1E2869100040C627 /* GenericFolderIcon-32x32.png in Resources */ = {isa = PBXBuildFile; fileRef = B605DFF91E2869100040C627 /* GenericFolderIcon-32x32.png */; };
		B605DFFE1E2869100040C627 /* GenericFolderIcon-32x32@2x.png in Resources */ = {isa = PBXBuildFile; fileRef = B605DFFA1E2869100040C627 /* GenericFolderIcon-32x32@2x.png */; };
		B605E0041E28C3560040C627 /* NCProgramDetailViewController.mm in Sources */ = {isa = PBXBuildFile; fileRef = B605E0031E28C3560040C627 /* NCProgramDetailViewController.mm */; };
		B605E0081E28F2FE0040C627 /* SaveNCProgramViewController.mm in Sources */ = {isa = PBXBuildFile; fileRef = B605E0071E28F2FE0040C627 /* SaveNCProgramViewController.mm */; };
		B605E00B1E28F91B0040C627 /* FileSaveManager.m in Sources */ = {isa = PBXBuildFile; fileRef = B605E00A1E28F91B0040C627 /* FileSaveManager.m */; };
		B60C40651E63DF0B003E6B1A /* MessageViewController.mm in Sources */ = {isa = PBXBuildFile; fileRef = B60C40641E63DF0B003E6B1A /* MessageViewController.mm */; };
		B619BF3D1E4C2D12005A04C9 /* Default-568h@2x.png in Resources */ = {isa = PBXBuildFile; fileRef = B619BF3C1E4C2D12005A04C9 /* Default-568h@2x.png */; };
		B619BF3F1E4C2E3B005A04C9 /* Info.plist in Resources */ = {isa = PBXBuildFile; fileRef = B619BF3B1E4C2CDD005A04C9 /* Info.plist */; };
		B619BF651E4C3E5F005A04C9 /* Settings.bundle in Resources */ = {isa = PBXBuildFile; fileRef = B619BF641E4C3E5F005A04C9 /* Settings.bundle */; };
		B619BF6F1E4C4454005A04C9 /* InfoPlist.strings in Resources */ = {isa = PBXBuildFile; fileRef = B619BF711E4C4454005A04C9 /* InfoPlist.strings */; };
		B619BF7A1E4C4DA2005A04C9 /* Localizable.strings in Resources */ = {isa = PBXBuildFile; fileRef = B619BF7C1E4C4DA2005A04C9 /* Localizable.strings */; };
		B6278CEC1E272548008D665F /* NCGetProgram.mm in Sources */ = {isa = PBXBuildFile; fileRef = B6278CEB1E272548008D665F /* NCGetProgram.mm */; };
		B6278CF31E278E8A008D665F /* NCDirectoryManager.m in Sources */ = {isa = PBXBuildFile; fileRef = B6278CF21E278E8A008D665F /* NCDirectoryManager.m */; };
		B6278CF61E279D18008D665F /* NCDirInfo.m in Sources */ = {isa = PBXBuildFile; fileRef = B6278CF51E279D18008D665F /* NCDirInfo.m */; };
		B6336DC51E5530BB009C402F /* NCConnectionTableViewCell.mm in Sources */ = {isa = PBXBuildFile; fileRef = B6336DC31E5530BB009C402F /* NCConnectionTableViewCell.mm */; };
		B6336DC61E5530BB009C402F /* NCConnectionTableViewCell.xib in Resources */ = {isa = PBXBuildFile; fileRef = B6336DC41E5530BB009C402F /* NCConnectionTableViewCell.xib */; };
		B6336DC91E556250009C402F /* error-icon_32x32.png in Resources */ = {isa = PBXBuildFile; fileRef = B6336DC71E556250009C402F /* error-icon_32x32.png */; };
		B6336DCA1E556250009C402F /* error-icon_32x32@2x.png in Resources */ = {isa = PBXBuildFile; fileRef = B6336DC81E556250009C402F /* error-icon_32x32@2x.png */; };
		B650B1D51DF01DDA00848C62 /* NCConnectionSetting.mm in Sources */ = {isa = PBXBuildFile; fileRef = B650B1D41DF01DDA00848C62 /* NCConnectionSetting.mm */; };
		B650B1D81DF024CA00848C62 /* ConnectionInfoViewController.mm in Sources */ = {isa = PBXBuildFile; fileRef = B650B1D71DF024CA00848C62 /* ConnectionInfoViewController.mm */; };
		B650B1DB1DF02D4400848C62 /* NCConnectManager.mm in Sources */ = {isa = PBXBuildFile; fileRef = B650B1DA1DF02D4400848C62 /* NCConnectManager.mm */; };
		B66AA69F1DF00C2000C9195E /* NCConnectionSettingsViewController.mm in Sources */ = {isa = PBXBuildFile; fileRef = B66AA69E1DF00C2000C9195E /* NCConnectionSettingsViewController.mm */; };
		B69FDBDE1DEE65940084B320 /* main.m in Sources */ = {isa = PBXBuildFile; fileRef = B69FDBDD1DEE65940084B320 /* main.m */; };
		B69FDBE11DEE65940084B320 /* AppDelegate.mm in Sources */ = {isa = PBXBuildFile; fileRef = B69FDBE01DEE65940084B320 /* AppDelegate.mm */; };
		B69FDBE41DEE65940084B320 /* ViewController.m in Sources */ = {isa = PBXBuildFile; fileRef = B69FDBE31DEE65940084B320 /* ViewController.m */; };
		B69FDBE71DEE65940084B320 /* Main.storyboard in Resources */ = {isa = PBXBuildFile; fileRef = B69FDBE51DEE65940084B320 /* Main.storyboard */; };
		B69FDBE91DEE65940084B320 /* Assets.xcassets in Resources */ = {isa = PBXBuildFile; fileRef = B69FDBE81DEE65940084B320 /* Assets.xcassets */; };
		B69FDBEC1DEE65940084B320 /* LaunchScreen.storyboard in Resources */ = {isa = PBXBuildFile; fileRef = B69FDBEA1DEE65940084B320 /* LaunchScreen.storyboard */; };
		B6A3BF381DEE84B7004BD761 /* fwlibios.framework in Frameworks */ = {isa = PBXBuildFile; fileRef = B69FDC021DEE77850084B320 /* fwlibios.framework */; settings = {ATTRIBUTES = (Required, ); }; };
		B6A3BF391DEE84B7004BD761 /* fwlibios.framework in Embed Frameworks */ = {isa = PBXBuildFile; fileRef = B69FDC021DEE77850084B320 /* fwlibios.framework */; settings = {ATTRIBUTES = (CodeSignOnCopy, RemoveHeadersOnCopy, ); }; };
		B6AA5B8A1E1E3311002F6884 /* NCProgramViewController.mm in Sources */ = {isa = PBXBuildFile; fileRef = B6AA5B891E1E3311002F6884 /* NCProgramViewController.mm */; };
		B6B0D4281E778F3100E36FFA /* NCHandleOperationThread.mm in Sources */ = {isa = PBXBuildFile; fileRef = B6B0D4271E778F3100E36FFA /* NCHandleOperationThread.mm */; };
		B6B1C7921E52993400404828 /* CreateQRCodeViewController.m in Sources */ = {isa = PBXBuildFile; fileRef = B6B1C7911E52993400404828 /* CreateQRCodeViewController.m */; };
		B6B1C7951E52994700404828 /* ReadQRCodeViewController.mm in Sources */ = {isa = PBXBuildFile; fileRef = B6B1C7941E52994700404828 /* ReadQRCodeViewController.mm */; };
		B6B1C7981E52A1BD00404828 /* AVFoundation.framework in Frameworks */ = {isa = PBXBuildFile; fileRef = B6B1C7971E52A1BD00404828 /* AVFoundation.framework */; };
		B6B7EED61E1DEDB800CB1479 /* NCGetStatus.mm in Sources */ = {isa = PBXBuildFile; fileRef = B6B7EED51E1DEDB800CB1479 /* NCGetStatus.mm */; };
		B6F0BA081E2CC4BD002F4E9A /* ManagedNCProgramViewController.mm in Sources */ = {isa = PBXBuildFile; fileRef = B6F0BA071E2CC4BD002F4E9A /* ManagedNCProgramViewController.mm */; };
		B6F0BA0B1E2CD0D6002F4E9A /* EdittableNCProgramDetialViewController.mm in Sources */ = {isa = PBXBuildFile; fileRef = B6F0BA0A1E2CD0D6002F4E9A /* EdittableNCProgramDetialViewController.mm */; };
		B6F2C1CB1E51BB310021F55E /* DocumentPathManager.m in Sources */ = {isa = PBXBuildFile; fileRef = B6F2C1CA1E51BB310021F55E /* DocumentPathManager.m */; };
/* End PBXBuildFile section */

/* Begin PBXCopyFilesBuildPhase section */
		B6A3BF3A1DEE84B7004BD761 /* Embed Frameworks */ = {
			isa = PBXCopyFilesBuildPhase;
			buildActionMask = 2147483647;
			dstPath = "";
			dstSubfolderSpec = 10;
			files = (
				B6A3BF391DEE84B7004BD761 /* fwlibios.framework in Embed Frameworks */,
			);
			name = "Embed Frameworks";
			runOnlyForDeploymentPostprocessing = 0;
		};
/* End PBXCopyFilesBuildPhase section */

/* Begin PBXFileReference section */
		B605DFF71E2869100040C627 /* GenericDocumentIcon-32x32.png */ = {isa = PBXFileReference; lastKnownFileType = image.png; path = "GenericDocumentIcon-32x32.png"; sourceTree = "<group>"; };
		B605DFF81E2869100040C627 /* GenericDocumentIcon-32x32@2x.png */ = {isa = PBXFileReference; lastKnownFileType = image.png; path = "GenericDocumentIcon-32x32@2x.png"; sourceTree = "<group>"; };
		B605DFF91E2869100040C627 /* GenericFolderIcon-32x32.png */ = {isa = PBXFileReference; lastKnownFileType = image.png; path = "GenericFolderIcon-32x32.png"; sourceTree = "<group>"; };
		B605DFFA1E2869100040C627 /* GenericFolderIcon-32x32@2x.png */ = {isa = PBXFileReference; lastKnownFileType = image.png; path = "GenericFolderIcon-32x32@2x.png"; sourceTree = "<group>"; };
		B605E0021E28C3560040C627 /* NCProgramDetailViewController.h */ = {isa = PBXFileReference; fileEncoding = 4; lastKnownFileType = sourcecode.c.h; path = NCProgramDetailViewController.h; sourceTree = "<group>"; };
		B605E0031E28C3560040C627 /* NCProgramDetailViewController.mm */ = {isa = PBXFileReference; fileEncoding = 4; lastKnownFileType = sourcecode.cpp.objcpp; path = NCProgramDetailViewController.mm; sourceTree = "<group>"; };
		B605E0061E28F2FE0040C627 /* SaveNCProgramViewController.h */ = {isa = PBXFileReference; fileEncoding = 4; lastKnownFileType = sourcecode.c.h; path = SaveNCProgramViewController.h; sourceTree = "<group>"; };
		B605E0071E28F2FE0040C627 /* SaveNCProgramViewController.mm */ = {isa = PBXFileReference; fileEncoding = 4; lastKnownFileType = sourcecode.cpp.objcpp; path = SaveNCProgramViewController.mm; sourceTree = "<group>"; };
		B605E0091E28F91B0040C627 /* FileSaveManager.h */ = {isa = PBXFileReference; fileEncoding = 4; lastKnownFileType = sourcecode.c.h; path = FileSaveManager.h; sourceTree = "<group>"; };
		B605E00A1E28F91B0040C627 /* FileSaveManager.m */ = {isa = PBXFileReference; fileEncoding = 4; lastKnownFileType = sourcecode.c.objc; path = FileSaveManager.m; sourceTree = "<group>"; };
		B60C40631E63DF0B003E6B1A /* MessageViewController.h */ = {isa = PBXFileReference; fileEncoding = 4; lastKnownFileType = sourcecode.c.h; path = MessageViewController.h; sourceTree = "<group>"; };
		B60C40641E63DF0B003E6B1A /* MessageViewController.mm */ = {isa = PBXFileReference; fileEncoding = 4; lastKnownFileType = sourcecode.cpp.objcpp; path = MessageViewController.mm; sourceTree = "<group>"; };
		B619BF3A1E4C2CDD005A04C9 /* Base */ = {isa = PBXFileReference; lastKnownFileType = text.plist.xml; name = Base; path = Base.lproj/Info.plist; sourceTree = "<group>"; };
		B619BF3C1E4C2D12005A04C9 /* Default-568h@2x.png */ = {isa = PBXFileReference; lastKnownFileType = image.png; path = "Default-568h@2x.png"; sourceTree = "<group>"; };
		B619BF641E4C3E5F005A04C9 /* Settings.bundle */ = {isa = PBXFileReference; lastKnownFileType = "wrapper.plug-in"; path = Settings.bundle; sourceTree = "<group>"; };
		B619BF6A1E4C42BB005A04C9 /* en */ = {isa = PBXFileReference; lastKnownFileType = text.plist.strings; name = en; path = en.lproj/Main.strings; sourceTree = "<group>"; };
		B619BF6B1E4C42BC005A04C9 /* en */ = {isa = PBXFileReference; lastKnownFileType = text.plist.strings; name = en; path = en.lproj/LaunchScreen.strings; sourceTree = "<group>"; };
		B619BF701E4C4454005A04C9 /* ja */ = {isa = PBXFileReference; lastKnownFileType = text.plist.strings; name = ja; path = ja.lproj/InfoPlist.strings; sourceTree = "<group>"; };
		B619BF7B1E4C4DA2005A04C9 /* ja */ = {isa = PBXFileReference; lastKnownFileType = text.plist.strings; name = ja; path = ja.lproj/Localizable.strings; sourceTree = "<group>"; };
		B619BF7D1E4C4DA4005A04C9 /* Base */ = {isa = PBXFileReference; lastKnownFileType = text.plist.strings; name = Base; path = Base.lproj/Localizable.strings; sourceTree = "<group>"; };
		B6278CEA1E272548008D665F /* NCGetProgram.h */ = {isa = PBXFileReference; fileEncoding = 4; lastKnownFileType = sourcecode.c.h; path = NCGetProgram.h; sourceTree = "<group>"; };
		B6278CEB1E272548008D665F /* NCGetProgram.mm */ = {isa = PBXFileReference; fileEncoding = 4; lastKnownFileType = sourcecode.cpp.objcpp; path = NCGetProgram.mm; sourceTree = "<group>"; };
		B6278CF11E278E8A008D665F /* NCDirectoryManager.h */ = {isa = PBXFileReference; fileEncoding = 4; lastKnownFileType = sourcecode.c.h; path = NCDirectoryManager.h; sourceTree = "<group>"; };
		B6278CF21E278E8A008D665F /* NCDirectoryManager.m */ = {isa = PBXFileReference; fileEncoding = 4; lastKnownFileType = sourcecode.c.objc; path = NCDirectoryManager.m; sourceTree = "<group>"; };
		B6278CF41E279D18008D665F /* NCDirInfo.h */ = {isa = PBXFileReference; fileEncoding = 4; lastKnownFileType = sourcecode.c.h; path = NCDirInfo.h; sourceTree = "<group>"; };
		B6278CF51E279D18008D665F /* NCDirInfo.m */ = {isa = PBXFileReference; fileEncoding = 4; lastKnownFileType = sourcecode.c.objc; path = NCDirInfo.m; sourceTree = "<group>"; };
		B6336DC21E5530BB009C402F /* NCConnectionTableViewCell.h */ = {isa = PBXFileReference; fileEncoding = 4; lastKnownFileType = sourcecode.c.h; path = NCConnectionTableViewCell.h; sourceTree = "<group>"; };
		B6336DC31E5530BB009C402F /* NCConnectionTableViewCell.mm */ = {isa = PBXFileReference; fileEncoding = 4; lastKnownFileType = sourcecode.cpp.objcpp; path = NCConnectionTableViewCell.mm; sourceTree = "<group>"; };
		B6336DC41E5530BB009C402F /* NCConnectionTableViewCell.xib */ = {isa = PBXFileReference; fileEncoding = 4; lastKnownFileType = file.xib; path = NCConnectionTableViewCell.xib; sourceTree = "<group>"; };
		B6336DC71E556250009C402F /* error-icon_32x32.png */ = {isa = PBXFileReference; lastKnownFileType = image.png; path = "error-icon_32x32.png"; sourceTree = "<group>"; };
		B6336DC81E556250009C402F /* error-icon_32x32@2x.png */ = {isa = PBXFileReference; lastKnownFileType = image.png; path = "error-icon_32x32@2x.png"; sourceTree = "<group>"; };
		B64DDEA31E4D756400A4B4A2 /* focas2Sample-defineEnum.h */ = {isa = PBXFileReference; lastKnownFileType = sourcecode.c.h; path = "focas2Sample-defineEnum.h"; sourceTree = "<group>"; };
		B650B1D31DF01DDA00848C62 /* NCConnectionSetting.h */ = {isa = PBXFileReference; fileEncoding = 4; lastKnownFileType = sourcecode.c.h; path = NCConnectionSetting.h; sourceTree = "<group>"; };
		B650B1D41DF01DDA00848C62 /* NCConnectionSetting.mm */ = {isa = PBXFileReference; fileEncoding = 4; lastKnownFileType = sourcecode.cpp.objcpp; path = NCConnectionSetting.mm; sourceTree = "<group>"; };
		B650B1D61DF024CA00848C62 /* ConnectionInfoViewController.h */ = {isa = PBXFileReference; fileEncoding = 4; lastKnownFileType = sourcecode.c.h; path = ConnectionInfoViewController.h; sourceTree = "<group>"; };
		B650B1D71DF024CA00848C62 /* ConnectionInfoViewController.mm */ = {isa = PBXFileReference; fileEncoding = 4; lastKnownFileType = sourcecode.cpp.objcpp; path = ConnectionInfoViewController.mm; sourceTree = "<group>"; };
		B650B1D91DF02D4400848C62 /* NCConnectManager.h */ = {isa = PBXFileReference; fileEncoding = 4; lastKnownFileType = sourcecode.c.h; path = NCConnectManager.h; sourceTree = "<group>"; };
		B650B1DA1DF02D4400848C62 /* NCConnectManager.mm */ = {isa = PBXFileReference; fileEncoding = 4; lastKnownFileType = sourcecode.cpp.objcpp; path = NCConnectManager.mm; sourceTree = "<group>"; };
		B66AA69D1DF00C2000C9195E /* NCConnectionSettingsViewController.h */ = {isa = PBXFileReference; fileEncoding = 4; lastKnownFileType = sourcecode.c.h; path = NCConnectionSettingsViewController.h; sourceTree = "<group>"; };
		B66AA69E1DF00C2000C9195E /* NCConnectionSettingsViewController.mm */ = {isa = PBXFileReference; fileEncoding = 4; lastKnownFileType = sourcecode.cpp.objcpp; path = NCConnectionSettingsViewController.mm; sourceTree = "<group>"; };
		B66AA6A11DF010D400C9195E /* focas2Sample-prefix.pch */ = {isa = PBXFileReference; lastKnownFileType = sourcecode.c.h; path = "focas2Sample-prefix.pch"; sourceTree = "<group>"; };
		B69FDBD91DEE65940084B320 /* focas2Sample.app */ = {isa = PBXFileReference; explicitFileType = wrapper.application; includeInIndex = 0; path = focas2Sample.app; sourceTree = BUILT_PRODUCTS_DIR; };
		B69FDBDD1DEE65940084B320 /* main.m */ = {isa = PBXFileReference; lastKnownFileType = sourcecode.c.objc; path = main.m; sourceTree = "<group>"; };
		B69FDBDF1DEE65940084B320 /* AppDelegate.h */ = {isa = PBXFileReference; lastKnownFileType = sourcecode.c.h; path = AppDelegate.h; sourceTree = "<group>"; };
		B69FDBE01DEE65940084B320 /* AppDelegate.mm */ = {isa = PBXFileReference; lastKnownFileType = sourcecode.cpp.objcpp; path = AppDelegate.mm; sourceTree = "<group>"; };
		B69FDBE21DEE65940084B320 /* ViewController.h */ = {isa = PBXFileReference; lastKnownFileType = sourcecode.c.h; path = ViewController.h; sourceTree = "<group>"; };
		B69FDBE31DEE65940084B320 /* ViewController.m */ = {isa = PBXFileReference; lastKnownFileType = sourcecode.c.objc; path = ViewController.m; sourceTree = "<group>"; };
		B69FDBE61DEE65940084B320 /* Base */ = {isa = PBXFileReference; lastKnownFileType = file.storyboard; name = Base; path = Base.lproj/Main.storyboard; sourceTree = "<group>"; };
		B69FDBE81DEE65940084B320 /* Assets.xcassets */ = {isa = PBXFileReference; lastKnownFileType = folder.assetcatalog; path = Assets.xcassets; sourceTree = "<group>"; };
		B69FDBEB1DEE65940084B320 /* Base */ = {isa = PBXFileReference; lastKnownFileType = file.storyboard; name = Base; path = Base.lproj/LaunchScreen.storyboard; sourceTree = "<group>"; };
		B69FDBF31DEE685A0084B320 /* ja */ = {isa = PBXFileReference; lastKnownFileType = text.plist.strings; name = ja; path = ja.lproj/Main.strings; sourceTree = "<group>"; };
		B69FDBF41DEE685A0084B320 /* ja */ = {isa = PBXFileReference; lastKnownFileType = text.plist.strings; name = ja; path = ja.lproj/LaunchScreen.strings; sourceTree = "<group>"; };
		B69FDC021DEE77850084B320 /* fwlibios.framework */ = {isa = PBXFileReference; lastKnownFileType = wrapper.framework; name = fwlibios.framework; path = fwlibios/fwlibios.framework; sourceTree = "<group>"; };
		B6A3BF3D1DEEBFAB004BD761 /* fwlib64.h */ = {isa = PBXFileReference; fileEncoding = 8; lastKnownFileType = sourcecode.c.h; path = fwlib64.h; sourceTree = "<group>"; };
		B6AA5B881E1E3311002F6884 /* NCProgramViewController.h */ = {isa = PBXFileReference; fileEncoding = 4; lastKnownFileType = sourcecode.c.h; path = NCProgramViewController.h; sourceTree = "<group>"; };
		B6AA5B891E1E3311002F6884 /* NCProgramViewController.mm */ = {isa = PBXFileReference; fileEncoding = 4; lastKnownFileType = sourcecode.cpp.objcpp; path = NCProgramViewController.mm; sourceTree = "<group>"; };
		B6B0D4261E778F3100E36FFA /* NCHandleOperationThread.h */ = {isa = PBXFileReference; fileEncoding = 4; lastKnownFileType = sourcecode.c.h; path = NCHandleOperationThread.h; sourceTree = "<group>"; };
		B6B0D4271E778F3100E36FFA /* NCHandleOperationThread.mm */ = {isa = PBXFileReference; fileEncoding = 4; lastKnownFileType = sourcecode.cpp.objcpp; path = NCHandleOperationThread.mm; sourceTree = "<group>"; };
		B6B1C7901E52993400404828 /* CreateQRCodeViewController.h */ = {isa = PBXFileReference; fileEncoding = 4; lastKnownFileType = sourcecode.c.h; path = CreateQRCodeViewController.h; sourceTree = "<group>"; };
		B6B1C7911E52993400404828 /* CreateQRCodeViewController.m */ = {isa = PBXFileReference; fileEncoding = 4; lastKnownFileType = sourcecode.c.objc; path = CreateQRCodeViewController.m; sourceTree = "<group>"; };
		B6B1C7931E52994700404828 /* ReadQRCodeViewController.h */ = {isa = PBXFileReference; fileEncoding = 4; lastKnownFileType = sourcecode.c.h; path = ReadQRCodeViewController.h; sourceTree = "<group>"; };
		B6B1C7941E52994700404828 /* ReadQRCodeViewController.mm */ = {isa = PBXFileReference; fileEncoding = 4; lastKnownFileType = sourcecode.cpp.objcpp; path = ReadQRCodeViewController.mm; sourceTree = "<group>"; };
		B6B1C7971E52A1BD00404828 /* AVFoundation.framework */ = {isa = PBXFileReference; lastKnownFileType = wrapper.framework; name = AVFoundation.framework; path = System/Library/Frameworks/AVFoundation.framework; sourceTree = SDKROOT; };
		B6B7EED41E1DEDB800CB1479 /* NCGetStatus.h */ = {isa = PBXFileReference; fileEncoding = 4; lastKnownFileType = sourcecode.c.h; path = NCGetStatus.h; sourceTree = "<group>"; };
		B6B7EED51E1DEDB800CB1479 /* NCGetStatus.mm */ = {isa = PBXFileReference; fileEncoding = 4; lastKnownFileType = sourcecode.cpp.objcpp; path = NCGetStatus.mm; sourceTree = "<group>"; };
		B6F0BA061E2CC4BD002F4E9A /* ManagedNCProgramViewController.h */ = {isa = PBXFileReference; fileEncoding = 4; lastKnownFileType = sourcecode.c.h; path = ManagedNCProgramViewController.h; sourceTree = "<group>"; };
		B6F0BA071E2CC4BD002F4E9A /* ManagedNCProgramViewController.mm */ = {isa = PBXFileReference; fileEncoding = 4; lastKnownFileType = sourcecode.cpp.objcpp; path = ManagedNCProgramViewController.mm; sourceTree = "<group>"; };
		B6F0BA091E2CD0D6002F4E9A /* EdittableNCProgramDetialViewController.h */ = {isa = PBXFileReference; fileEncoding = 4; lastKnownFileType = sourcecode.c.h; path = EdittableNCProgramDetialViewController.h; sourceTree = "<group>"; };
		B6F0BA0A1E2CD0D6002F4E9A /* EdittableNCProgramDetialViewController.mm */ = {isa = PBXFileReference; fileEncoding = 4; lastKnownFileType = sourcecode.cpp.objcpp; path = EdittableNCProgramDetialViewController.mm; sourceTree = "<group>"; };
		B6F2C1C91E51BB310021F55E /* DocumentPathManager.h */ = {isa = PBXFileReference; fileEncoding = 4; lastKnownFileType = sourcecode.c.h; path = DocumentPathManager.h; sourceTree = "<group>"; };
		B6F2C1CA1E51BB310021F55E /* DocumentPathManager.m */ = {isa = PBXFileReference; fileEncoding = 4; lastKnownFileType = sourcecode.c.objc; path = DocumentPathManager.m; sourceTree = "<group>"; };
/* End PBXFileReference section */

/* Begin PBXFrameworksBuildPhase section */
		B69FDBD61DEE65940084B320 /* Frameworks */ = {
			isa = PBXFrameworksBuildPhase;
			buildActionMask = 2147483647;
			files = (
				B6B1C7981E52A1BD00404828 /* AVFoundation.framework in Frameworks */,
				B6A3BF381DEE84B7004BD761 /* fwlibios.framework in Frameworks */,
			);
			runOnlyForDeploymentPostprocessing = 0;
		};
/* End PBXFrameworksBuildPhase section */

/* Begin PBXGroup section */
		B605DFF61E2868C20040C627 /* Resources */ = {
			isa = PBXGroup;
			children = (
				B6336DC71E556250009C402F /* error-icon_32x32.png */,
				B6336DC81E556250009C402F /* error-icon_32x32@2x.png */,
				B619BF3C1E4C2D12005A04C9 /* Default-568h@2x.png */,
				B605DFF71E2869100040C627 /* GenericDocumentIcon-32x32.png */,
				B605DFF81E2869100040C627 /* GenericDocumentIcon-32x32@2x.png */,
				B605DFF91E2869100040C627 /* GenericFolderIcon-32x32.png */,
				B605DFFA1E2869100040C627 /* GenericFolderIcon-32x32@2x.png */,
			);
			path = Resources;
			sourceTree = "<group>";
		};
		B6278CE81E271529008D665F /* Model */ = {
			isa = PBXGroup;
			children = (
				B650B1D31DF01DDA00848C62 /* NCConnectionSetting.h */,
				B650B1D41DF01DDA00848C62 /* NCConnectionSetting.mm */,
				B6B7EED41E1DEDB800CB1479 /* NCGetStatus.h */,
				B6B7EED51E1DEDB800CB1479 /* NCGetStatus.mm */,
				B6278CEA1E272548008D665F /* NCGetProgram.h */,
				B6278CEB1E272548008D665F /* NCGetProgram.mm */,
				B6278CF41E279D18008D665F /* NCDirInfo.h */,
				B6278CF51E279D18008D665F /* NCDirInfo.m */,
			);
			path = Model;
			sourceTree = "<group>";
		};
		B6278CE91E27154A008D665F /* Manager */ = {
			isa = PBXGroup;
			children = (
				B650B1D91DF02D4400848C62 /* NCConnectManager.h */,
				B650B1DA1DF02D4400848C62 /* NCConnectManager.mm */,
				B6278CF11E278E8A008D665F /* NCDirectoryManager.h */,
				B6278CF21E278E8A008D665F /* NCDirectoryManager.m */,
				B605E0091E28F91B0040C627 /* FileSaveManager.h */,
				B605E00A1E28F91B0040C627 /* FileSaveManager.m */,
				B6F2C1C91E51BB310021F55E /* DocumentPathManager.h */,
				B6F2C1CA1E51BB310021F55E /* DocumentPathManager.m */,
			);
			path = Manager;
			sourceTree = "<group>";
		};
		B69FDBD01DEE65940084B320 = {
			isa = PBXGroup;
			children = (
				B69FDBDB1DEE65940084B320 /* focas2Sample */,
				B69FDBDA1DEE65940084B320 /* Products */,
				B6B1C7961E52A1BD00404828 /* Frameworks */,
			);
			sourceTree = "<group>";
		};
		B69FDBDA1DEE65940084B320 /* Products */ = {
			isa = PBXGroup;
			children = (
				B69FDBD91DEE65940084B320 /* focas2Sample.app */,
			);
			name = Products;
			sourceTree = "<group>";
		};
		B69FDBDB1DEE65940084B320 /* focas2Sample */ = {
			isa = PBXGroup;
			children = (
				B6B0D4251E778EE200E36FFA /* Thread */,
				B6278CE91E27154A008D665F /* Manager */,
				B6278CE81E271529008D665F /* Model */,
				B6AA5B8B1E1E333B002F6884 /* ViewController */,
				B6A3BF3E1DEEC427004BD761 /* Library */,
				B69FDBDF1DEE65940084B320 /* AppDelegate.h */,
				B69FDBE01DEE65940084B320 /* AppDelegate.mm */,
				B69FDBE51DEE65940084B320 /* Main.storyboard */,
				B69FDBE81DEE65940084B320 /* Assets.xcassets */,
				B69FDBEA1DEE65940084B320 /* LaunchScreen.storyboard */,
				B619BF3B1E4C2CDD005A04C9 /* Info.plist */,
				B69FDBDC1DEE65940084B320 /* Supporting Files */,
				B605DFF61E2868C20040C627 /* Resources */,
			);
			path = focas2Sample;
			sourceTree = "<group>";
		};
		B69FDBDC1DEE65940084B320 /* Supporting Files */ = {
			isa = PBXGroup;
			children = (
				B619BF641E4C3E5F005A04C9 /* Settings.bundle */,
				B69FDBDD1DEE65940084B320 /* main.m */,
				B66AA6A11DF010D400C9195E /* focas2Sample-prefix.pch */,
				B619BF711E4C4454005A04C9 /* InfoPlist.strings */,
				B619BF7C1E4C4DA2005A04C9 /* Localizable.strings */,
				B64DDEA31E4D756400A4B4A2 /* focas2Sample-defineEnum.h */,
			);
			name = "Supporting Files";
			sourceTree = "<group>";
		};
		B6A3BF3E1DEEC427004BD761 /* Library */ = {
			isa = PBXGroup;
			children = (
				B69FDC021DEE77850084B320 /* fwlibios.framework */,
				B6A3BF3D1DEEBFAB004BD761 /* fwlib64.h */,
			);
			name = Library;
			path = ../library;
			sourceTree = "<group>";
		};
		B6AA5B8B1E1E333B002F6884 /* ViewController */ = {
			isa = PBXGroup;
			children = (
				B69FDBE21DEE65940084B320 /* ViewController.h */,
				B69FDBE31DEE65940084B320 /* ViewController.m */,
				B650B1D61DF024CA00848C62 /* ConnectionInfoViewController.h */,
				B650B1D71DF024CA00848C62 /* ConnectionInfoViewController.mm */,
				B66AA69D1DF00C2000C9195E /* NCConnectionSettingsViewController.h */,
				B66AA69E1DF00C2000C9195E /* NCConnectionSettingsViewController.mm */,
				B6AA5B881E1E3311002F6884 /* NCProgramViewController.h */,
				B6AA5B891E1E3311002F6884 /* NCProgramViewController.mm */,
				B605E0021E28C3560040C627 /* NCProgramDetailViewController.h */,
				B605E0031E28C3560040C627 /* NCProgramDetailViewController.mm */,
				B605E0061E28F2FE0040C627 /* SaveNCProgramViewController.h */,
				B605E0071E28F2FE0040C627 /* SaveNCProgramViewController.mm */,
				B6F0BA061E2CC4BD002F4E9A /* ManagedNCProgramViewController.h */,
				B6F0BA071E2CC4BD002F4E9A /* ManagedNCProgramViewController.mm */,
				B6F0BA091E2CD0D6002F4E9A /* EdittableNCProgramDetialViewController.h */,
				B6F0BA0A1E2CD0D6002F4E9A /* EdittableNCProgramDetialViewController.mm */,
				B6B1C7901E52993400404828 /* CreateQRCodeViewController.h */,
				B6B1C7911E52993400404828 /* CreateQRCodeViewController.m */,
				B6B1C7931E52994700404828 /* ReadQRCodeViewController.h */,
				B6B1C7941E52994700404828 /* ReadQRCodeViewController.mm */,
				B6336DC21E5530BB009C402F /* NCConnectionTableViewCell.h */,
				B6336DC31E5530BB009C402F /* NCConnectionTableViewCell.mm */,
				B6336DC41E5530BB009C402F /* NCConnectionTableViewCell.xib */,
				B60C40631E63DF0B003E6B1A /* MessageViewController.h */,
				B60C40641E63DF0B003E6B1A /* MessageViewController.mm */,
			);
			name = ViewController;
			path = viewcontroller;
			sourceTree = "<group>";
		};
		B6B0D4251E778EE200E36FFA /* Thread */ = {
			isa = PBXGroup;
			children = (
				B6B0D4261E778F3100E36FFA /* NCHandleOperationThread.h */,
				B6B0D4271E778F3100E36FFA /* NCHandleOperationThread.mm */,
			);
			path = Thread;
			sourceTree = "<group>";
		};
		B6B1C7961E52A1BD00404828 /* Frameworks */ = {
			isa = PBXGroup;
			children = (
				B6B1C7971E52A1BD00404828 /* AVFoundation.framework */,
			);
			name = Frameworks;
			sourceTree = "<group>";
		};
/* End PBXGroup section */

/* Begin PBXNativeTarget section */
		B69FDBD81DEE65940084B320 /* focas2Sample */ = {
			isa = PBXNativeTarget;
			buildConfigurationList = B69FDBF01DEE65940084B320 /* Build configuration list for PBXNativeTarget "focas2Sample" */;
			buildPhases = (
				B69FDBD51DEE65940084B320 /* Sources */,
				B69FDBD61DEE65940084B320 /* Frameworks */,
				B69FDBD71DEE65940084B320 /* Resources */,
				B6A3BF3A1DEE84B7004BD761 /* Embed Frameworks */,
			);
			buildRules = (
			);
			dependencies = (
			);
			name = focas2Sample;
			productName = focas2Sample;
			productReference = B69FDBD91DEE65940084B320 /* focas2Sample.app */;
			productType = "com.apple.product-type.application";
		};
/* End PBXNativeTarget section */

/* Begin PBXProject section */
		B69FDBD11DEE65940084B320 /* Project object */ = {
			isa = PBXProject;
			attributes = {
				LastUpgradeCheck = 0820;
				ORGANIZATIONNAME = "FUJI SOFT INCORPORATED";
				TargetAttributes = {
					B69FDBD81DEE65940084B320 = {
						CreatedOnToolsVersion = 8.1;
						DevelopmentTeam = S8E5RL8U86;
						ProvisioningStyle = Automatic;
					};
				};
			};
			buildConfigurationList = B69FDBD41DEE65940084B320 /* Build configuration list for PBXProject "focas2Sample" */;
			compatibilityVersion = "Xcode 3.2";
			developmentRegion = English;
			hasScannedForEncodings = 0;
			knownRegions = (
				Base,
				ja,
				en,
			);
			mainGroup = B69FDBD01DEE65940084B320;
			productRefGroup = B69FDBDA1DEE65940084B320 /* Products */;
			projectDirPath = "";
			projectRoot = "";
			targets = (
				B69FDBD81DEE65940084B320 /* focas2Sample */,
			);
		};
/* End PBXProject section */

/* Begin PBXResourcesBuildPhase section */
		B69FDBD71DEE65940084B320 /* Resources */ = {
			isa = PBXResourcesBuildPhase;
			buildActionMask = 2147483647;
			files = (
				B605DFFD1E2869100040C627 /* GenericFolderIcon-32x32.png in Resources */,
				B619BF3D1E4C2D12005A04C9 /* Default-568h@2x.png in Resources */,
				B69FDBEC1DEE65940084B320 /* LaunchScreen.storyboard in Resources */,
				B605DFFC1E2869100040C627 /* GenericDocumentIcon-32x32@2x.png in Resources */,
				B6336DCA1E556250009C402F /* error-icon_32x32@2x.png in Resources */,
				B6336DC91E556250009C402F /* error-icon_32x32.png in Resources */,
				B605DFFE1E2869100040C627 /* GenericFolderIcon-32x32@2x.png in Resources */,
				B69FDBE91DEE65940084B320 /* Assets.xcassets in Resources */,
				B69FDBE71DEE65940084B320 /* Main.storyboard in Resources */,
				B619BF3F1E4C2E3B005A04C9 /* Info.plist in Resources */,
				B619BF651E4C3E5F005A04C9 /* Settings.bundle in Resources */,
				B619BF7A1E4C4DA2005A04C9 /* Localizable.strings in Resources */,
				B619BF6F1E4C4454005A04C9 /* InfoPlist.strings in Resources */,
				B6336DC61E5530BB009C402F /* NCConnectionTableViewCell.xib in Resources */,
				B605DFFB1E2869100040C627 /* GenericDocumentIcon-32x32.png in Resources */,
			);
			runOnlyForDeploymentPostprocessing = 0;
		};
/* End PBXResourcesBuildPhase section */

/* Begin PBXSourcesBuildPhase section */
		B69FDBD51DEE65940084B320 /* Sources */ = {
			isa = PBXSourcesBuildPhase;
			buildActionMask = 2147483647;
			files = (
				B650B1D81DF024CA00848C62 /* ConnectionInfoViewController.mm in Sources */,
				B6B7EED61E1DEDB800CB1479 /* NCGetStatus.mm in Sources */,
				B6278CF61E279D18008D665F /* NCDirInfo.m in Sources */,
				B6278CF31E278E8A008D665F /* NCDirectoryManager.m in Sources */,
				B6AA5B8A1E1E3311002F6884 /* NCProgramViewController.mm in Sources */,
				B650B1D51DF01DDA00848C62 /* NCConnectionSetting.mm in Sources */,
				B650B1DB1DF02D4400848C62 /* NCConnectManager.mm in Sources */,
				B6F0BA0B1E2CD0D6002F4E9A /* EdittableNCProgramDetialViewController.mm in Sources */,
				B6F2C1CB1E51BB310021F55E /* DocumentPathManager.m in Sources */,
				B605E00B1E28F91B0040C627 /* FileSaveManager.m in Sources */,
				B66AA69F1DF00C2000C9195E /* NCConnectionSettingsViewController.mm in Sources */,
				B69FDBE41DEE65940084B320 /* ViewController.m in Sources */,
				B6F0BA081E2CC4BD002F4E9A /* ManagedNCProgramViewController.mm in Sources */,
				B6B0D4281E778F3100E36FFA /* NCHandleOperationThread.mm in Sources */,
				B6B1C7921E52993400404828 /* CreateQRCodeViewController.m in Sources */,
				B6B1C7951E52994700404828 /* ReadQRCodeViewController.mm in Sources */,
				B69FDBE11DEE65940084B320 /* AppDelegate.mm in Sources */,
				B69FDBDE1DEE65940084B320 /* main.m in Sources */,
				B6336DC51E5530BB009C402F /* NCConnectionTableViewCell.mm in Sources */,
				B6278CEC1E272548008D665F /* NCGetProgram.mm in Sources */,
				B605E0041E28C3560040C627 /* NCProgramDetailViewController.mm in Sources */,
				B60C40651E63DF0B003E6B1A /* MessageViewController.mm in Sources */,
				B605E0081E28F2FE0040C627 /* SaveNCProgramViewController.mm in Sources */,
			);
			runOnlyForDeploymentPostprocessing = 0;
		};
/* End PBXSourcesBuildPhase section */

/* Begin PBXVariantGroup section */
		B619BF3B1E4C2CDD005A04C9 /* Info.plist */ = {
			isa = PBXVariantGroup;
			children = (
				B619BF3A1E4C2CDD005A04C9 /* Base */,
			);
			name = Info.plist;
			sourceTree = "<group>";
		};
		B619BF711E4C4454005A04C9 /* InfoPlist.strings */ = {
			isa = PBXVariantGroup;
			children = (
				B619BF701E4C4454005A04C9 /* ja */,
			);
			name = InfoPlist.strings;
			sourceTree = "<group>";
		};
		B619BF7C1E4C4DA2005A04C9 /* Localizable.strings */ = {
			isa = PBXVariantGroup;
			children = (
				B619BF7B1E4C4DA2005A04C9 /* ja */,
				B619BF7D1E4C4DA4005A04C9 /* Base */,
			);
			name = Localizable.strings;
			sourceTree = "<group>";
		};
		B69FDBE51DEE65940084B320 /* Main.storyboard */ = {
			isa = PBXVariantGroup;
			children = (
				B69FDBE61DEE65940084B320 /* Base */,
				B69FDBF31DEE685A0084B320 /* ja */,
				B619BF6A1E4C42BB005A04C9 /* en */,
			);
			name = Main.storyboard;
			sourceTree = "<group>";
		};
		B69FDBEA1DEE65940084B320 /* LaunchScreen.storyboard */ = {
			isa = PBXVariantGroup;
			children = (
				B69FDBEB1DEE65940084B320 /* Base */,
				B69FDBF41DEE685A0084B320 /* ja */,
				B619BF6B1E4C42BC005A04C9 /* en */,
			);
			name = LaunchScreen.storyboard;
			sourceTree = "<group>";
		};
/* End PBXVariantGroup section */

/* Begin XCBuildConfiguration section */
		B69FDBEE1DEE65940084B320 /* Debug */ = {
			isa = XCBuildConfiguration;
			buildSettings = {
				ALWAYS_SEARCH_USER_PATHS = YES;
				CLANG_ANALYZER_LOCALIZABILITY_NONLOCALIZED = YES;
				CLANG_ANALYZER_NONNULL = YES;
				CLANG_CXX_LANGUAGE_STANDARD = "gnu++0x";
				CLANG_CXX_LIBRARY = "libc++";
				CLANG_ENABLE_MODULES = YES;
				CLANG_ENABLE_OBJC_ARC = YES;
				CLANG_WARN_BOOL_CONVERSION = YES;
				CLANG_WARN_CONSTANT_CONVERSION = YES;
				CLANG_WARN_DIRECT_OBJC_ISA_USAGE = YES_ERROR;
				CLANG_WARN_DOCUMENTATION_COMMENTS = YES;
				CLANG_WARN_EMPTY_BODY = YES;
				CLANG_WARN_ENUM_CONVERSION = YES;
				CLANG_WARN_INFINITE_RECURSION = YES;
				CLANG_WARN_INT_CONVERSION = YES;
				CLANG_WARN_OBJC_ROOT_CLASS = YES_ERROR;
				CLANG_WARN_SUSPICIOUS_MOVE = YES;
				CLANG_WARN_SUSPICIOUS_MOVES = YES;
				CLANG_WARN_UNREACHABLE_CODE = YES;
				CLANG_WARN__DUPLICATE_METHOD_MATCH = YES;
				"CODE_SIGN_IDENTITY[sdk=iphoneos*]" = "iPhone Developer";
				COPY_PHASE_STRIP = NO;
				DEBUG_INFORMATION_FORMAT = dwarf;
				ENABLE_STRICT_OBJC_MSGSEND = YES;
				ENABLE_TESTABILITY = YES;
				FRAMEWORK_SEARCH_PATHS = library/fwlibios;
				GCC_C_LANGUAGE_STANDARD = gnu99;
				GCC_DYNAMIC_NO_PIC = NO;
				GCC_INPUT_FILETYPE = automatic;
				GCC_NO_COMMON_BLOCKS = YES;
				GCC_OPTIMIZATION_LEVEL = 0;
				GCC_PREFIX_HEADER = "$(PROJECT_NAME)/focas2Sample-prefix.pch";
				GCC_PREPROCESSOR_DEFINITIONS = (
					"DEBUG=1",
					"$(inherited)",
					FS30D,
				);
				GCC_WARN_64_TO_32_BIT_CONVERSION = YES;
				GCC_WARN_ABOUT_RETURN_TYPE = YES_ERROR;
				GCC_WARN_UNDECLARED_SELECTOR = YES;
				GCC_WARN_UNINITIALIZED_AUTOS = YES_AGGRESSIVE;
				GCC_WARN_UNUSED_FUNCTION = YES;
				GCC_WARN_UNUSED_VARIABLE = YES;
				HEADER_SEARCH_PATHS = "";
				IPHONEOS_DEPLOYMENT_TARGET = 9.0;
				MTL_ENABLE_DEBUG_INFO = YES;
				ONLY_ACTIVE_ARCH = YES;
				SDKROOT = iphoneos;
				TARGETED_DEVICE_FAMILY = "1,2";
				VALID_ARCHS = "arm64 armv7 armv7s";
			};
			name = Debug;
		};
		B69FDBEF1DEE65940084B320 /* Release */ = {
			isa = XCBuildConfiguration;
			buildSettings = {
				ALWAYS_SEARCH_USER_PATHS = YES;
				CLANG_ANALYZER_LOCALIZABILITY_NONLOCALIZED = YES;
				CLANG_ANALYZER_NONNULL = YES;
				CLANG_CXX_LANGUAGE_STANDARD = "gnu++0x";
				CLANG_CXX_LIBRARY = "libc++";
				CLANG_ENABLE_MODULES = YES;
				CLANG_ENABLE_OBJC_ARC = YES;
				CLANG_WARN_BOOL_CONVERSION = YES;
				CLANG_WARN_CONSTANT_CONVERSION = YES;
				CLANG_WARN_DIRECT_OBJC_ISA_USAGE = YES_ERROR;
				CLANG_WARN_DOCUMENTATION_COMMENTS = YES;
				CLANG_WARN_EMPTY_BODY = YES;
				CLANG_WARN_ENUM_CONVERSION = YES;
				CLANG_WARN_INFINITE_RECURSION = YES;
				CLANG_WARN_INT_CONVERSION = YES;
				CLANG_WARN_OBJC_ROOT_CLASS = YES_ERROR;
				CLANG_WARN_SUSPICIOUS_MOVE = YES;
				CLANG_WARN_SUSPICIOUS_MOVES = YES;
				CLANG_WARN_UNREACHABLE_CODE = YES;
				CLANG_WARN__DUPLICATE_METHOD_MATCH = YES;
				"CODE_SIGN_IDENTITY[sdk=iphoneos*]" = "iPhone Developer";
				COPY_PHASE_STRIP = NO;
				DEBUG_INFORMATION_FORMAT = "dwarf-with-dsym";
				ENABLE_NS_ASSERTIONS = NO;
				ENABLE_STRICT_OBJC_MSGSEND = YES;
				FRAMEWORK_SEARCH_PATHS = library/fwlibios;
				GCC_C_LANGUAGE_STANDARD = gnu99;
				GCC_INPUT_FILETYPE = automatic;
				GCC_NO_COMMON_BLOCKS = YES;
				GCC_PREFIX_HEADER = "$(PROJECT_NAME)/focas2Sample-prefix.pch";
				GCC_PREPROCESSOR_DEFINITIONS = FS30D;
				GCC_WARN_64_TO_32_BIT_CONVERSION = YES;
				GCC_WARN_ABOUT_RETURN_TYPE = YES_ERROR;
				GCC_WARN_UNDECLARED_SELECTOR = YES;
				GCC_WARN_UNINITIALIZED_AUTOS = YES_AGGRESSIVE;
				GCC_WARN_UNUSED_FUNCTION = YES;
				GCC_WARN_UNUSED_VARIABLE = YES;
				HEADER_SEARCH_PATHS = "";
				IPHONEOS_DEPLOYMENT_TARGET = 9.0;
				MTL_ENABLE_DEBUG_INFO = NO;
				SDKROOT = iphoneos;
				TARGETED_DEVICE_FAMILY = "1,2";
				VALIDATE_PRODUCT = YES;
				VALID_ARCHS = "arm64 armv7 armv7s";
			};
			name = Release;
		};
		B69FDBF11DEE65940084B320 /* Debug */ = {
			isa = XCBuildConfiguration;
			buildSettings = {
				ASSETCATALOG_COMPILER_APPICON_NAME = AppIcon;
				"CODE_SIGN_IDENTITY[sdk=iphoneos*]" = "iPhone Developer";
				DEVELOPMENT_TEAM = S8E5RL8U86;
				GCC_PREFIX_HEADER = "$(PROJECT_NAME)/focas2Sample-prefix.pch";
				INFOPLIST_FILE = focas2Sample/Base.lproj/info.plist;
				LD_RUNPATH_SEARCH_PATHS = "$(inherited) @executable_path/Frameworks";
				PRODUCT_BUNDLE_IDENTIFIER = jp.co.Fanuc.focas2Sample2;
				PRODUCT_NAME = "$(TARGET_NAME)";
			};
			name = Debug;
		};
		B69FDBF21DEE65940084B320 /* Release */ = {
			isa = XCBuildConfiguration;
			buildSettings = {
				ASSETCATALOG_COMPILER_APPICON_NAME = AppIcon;
				"CODE_SIGN_IDENTITY[sdk=iphoneos*]" = "iPhone Developer";
				DEVELOPMENT_TEAM = S8E5RL8U86;
				GCC_PREFIX_HEADER = "$(PROJECT_NAME)/focas2Sample-prefix.pch";
				INFOPLIST_FILE = focas2Sample/Base.lproj/info.plist;
				LD_RUNPATH_SEARCH_PATHS = "$(inherited) @executable_path/Frameworks";
				PRODUCT_BUNDLE_IDENTIFIER = jp.co.Fanuc.focas2Sample2;
				PRODUCT_NAME = "$(TARGET_NAME)";
			};
			name = Release;
		};
/* End XCBuildConfiguration section */

/* Begin XCConfigurationList section */
		B69FDBD41DEE65940084B320 /* Build configuration list for PBXProject "focas2Sample" */ = {
			isa = XCConfigurationList;
			buildConfigurations = (
				B69FDBEE1DEE65940084B320 /* Debug */,
				B69FDBEF1DEE65940084B320 /* Release */,
			);
			defaultConfigurationIsVisible = 0;
			defaultConfigurationName = Release;
		};
		B69FDBF01DEE65940084B320 /* Build configuration list for PBXNativeTarget "focas2Sample" */ = {
			isa = XCConfigurationList;
			buildConfigurations = (
				B69FDBF11DEE65940084B320 /* Debug */,
				B69FDBF21DEE65940084B320 /* Release */,
			);
			defaultConfigurationIsVisible = 0;
			defaultConfigurationName = Release;
		};
/* End XCConfigurationList section */
	};
	rootObject = B69FDBD11DEE65940084B320 /* Project object */;
}
